
Microsoft Visual Studio Solution File, Format Version 12.00
# Visual Studio Version 17
VisualStudioVersion = 17.0.32112.339
MinimumVisualStudioVersion = 10.0.40219.1
Project("{9A19103F-16F7-4668-BE54-9A1E7A4F7556}") = "Blackjack", "Blackjack\Blackjack.csproj", "{85376FD6-FAE5-462A-80A7-D286B1646AD9}"
EndProject
Project("{FAE04EC0-301F-11D3-BF4B-00C04F79EFBC}") = "FormsBlackjack", "FormsBlackjack\FormsBlackjack.csproj", "{B5A45FE6-16B6-49F8-9058-DA20BEB589B2}"
EndProject
Global
	GlobalSection(SolutionConfigurationPlatforms) = preSolution
		Debug|Any CPU = Debug|Any CPU
		Release|Any CPU = Release|Any CPU
	EndGlobalSection
	GlobalSection(ProjectConfigurationPlatforms) = postSolution
		{85376FD6-FAE5-462A-80A7-D286B1646AD9}.Debug|Any CPU.ActiveCfg = Debug|Any CPU
		{85376FD6-FAE5-462A-80A7-D286B1646AD9}.Debug|Any CPU.Build.0 = Debug|Any CPU
		{85376FD6-FAE5-462A-80A7-D286B1646AD9}.Release|Any CPU.ActiveCfg = Release|Any CPU
		{85376FD6-FAE5-462A-80A7-D286B1646AD9}.Release|Any CPU.Build.0 = Release|Any CPU
		{B5A45FE6-16B6-49F8-9058-DA20BEB589B2}.Debug|Any CPU.ActiveCfg = Debug|Any CPU
		{B5A45FE6-16B6-49F8-9058-DA20BEB589B2}.Debug|Any CPU.Build.0 = Debug|Any CPU
		{B5A45FE6-16B6-49F8-9058-DA20BEB589B2}.Release|Any CPU.ActiveCfg = Release|Any CPU
		{B5A45FE6-16B6-49F8-9058-DA20BEB589B2}.Release|Any CPU.Build.0 = Release|Any CPU
	EndGlobalSection
	GlobalSection(SolutionProperties) = preSolution
		HideSolutionNode = FALSE
	EndGlobalSection
	GlobalSection(ExtensibilityGlobals) = postSolution
		SolutionGuid = {E08879EC-1910-4051-860C-0C7E96600028}
	EndGlobalSection
EndGlobal
